
Microsoft Visual Studio Solution File, Format Version 12.00
# Visual Studio Version 16
VisualStudioVersion = 16.0.30611.23
MinimumVisualStudioVersion = 10.0.40219.1
Project("{FAE04EC0-301F-11D3-BF4B-00C04F79EFBC}") = "Buzea(Tomus)_Emilia_Florina_Lab2", "Buzea(Tomus)_Emilia_Florina_Lab2.csproj", "{AE8F799C-003C-4B5E-80E9-5A94AB9612C9}"
EndProject
Global
	GlobalSection(SolutionConfigurationPlatforms) = preSolution
		Debug|Any CPU = Debug|Any CPU
		Release|Any CPU = Release|Any CPU
	EndGlobalSection
	GlobalSection(ProjectConfigurationPlatforms) = postSolution
		{AE8F799C-003C-4B5E-80E9-5A94AB9612C9}.Debug|Any CPU.ActiveCfg = Debug|Any CPU
		{AE8F799C-003C-4B5E-80E9-5A94AB9612C9}.Debug|Any CPU.Build.0 = Debug|Any CPU
		{AE8F799C-003C-4B5E-80E9-5A94AB9612C9}.Release|Any CPU.ActiveCfg = Release|Any CPU
		{AE8F799C-003C-4B5E-80E9-5A94AB9612C9}.Release|Any CPU.Build.0 = Release|Any CPU
	EndGlobalSection
	GlobalSection(SolutionProperties) = preSolution
		HideSolutionNode = FALSE
	EndGlobalSection
	GlobalSection(ExtensibilityGlobals) = postSolution
		SolutionGuid = {3C81DA2C-426D-4F71-82E0-BBE5534983DC}
	EndGlobalSection
EndGlobal
